<?xml version="1.0" encoding="utf-8"?>
<Project ToolsVersion="4.0" xmlns="http://schemas.microsoft.com/developer/msbuild/2003">
  <ItemGroup>
    <Filter Include="Common">
      <UniqueIdentifier>{c07278f2-e5ac-4b87-b9e7-ae32ac54d26b}</UniqueIdentifier>
    </Filter>
    <Filter Include="Header">
      <UniqueIdentifier>{93995380-89BD-4b04-88EB-625FBE52EBFB}</UniqueIdentifier>
      <Extensions>h;hh;hpp;hxx;hm;inl;inc;xsd</Extensions>
    </Filter>
    <Filter Include="Source">
      <UniqueIdentifier>{4FC737F1-C7A5-4376-A066-2A32D752A2FF}</UniqueIdentifier>
      <Extensions>cpp;c;cc;cxx;def;odl;idl;hpj;bat;asm;asmx</Extensions>
    </Filter>
  </ItemGroup>
  <ItemGroup>
    <ClInclude Include="pch.h">
      <Filter>Header</Filter>
    </ClInclude>
    <ClInclude Include="MahjongCVCore.h">
      <Filter>Header</Filter>
    </ClInclude>
    <ClInclude Include="EVRDevice.h">
      <Filter>Header</Filter>
    </ClInclude>
    <ClInclude Include="ResourceHelpers.h">
      <Filter>Header</Filter>
    </ClInclude>
  </ItemGroup>
  <ItemGroup>
    <ClCompile Include="dllmain.cpp">
      <Filter>Source</Filter>
    </ClCompile>
    <ClCompile Include="pch.cpp">
      <Filter>Source</Filter>
    </ClCompile>
    <ClCompile Include="WebcamEnumeration.cpp">
      <Filter>Source</Filter>
    </ClCompile>
    <ClCompile Include="EVRDeviceManagement.cpp">
      <Filter>Source</Filter>
    </ClCompile>
    <ClCompile Include="EVRDevice.cpp">
      <Filter>Source</Filter>
    </ClCompile>
  </ItemGroup>
  <ItemGroup>
    <None Include="MahjongCVCore.def">
      <Filter>Common</Filter>
    </None>
  </ItemGroup>
</Project>